
Microsoft Visual Studio Solution File, Format Version 12.00
# Visual Studio 14
VisualStudioVersion = 14.0.25420.1
MinimumVisualStudioVersion = 10.0.40219.1
Project("{2150E333-8FDC-42A3-9474-1A3956D46DE8}") = "src", "src", "{D8043722-7946-4F06-A56D-2B7E100DB7A6}"
EndProject
Project("{2150E333-8FDC-42A3-9474-1A3956D46DE8}") = "Solution Items", "Solution Items", "{28B74051-76AC-40E3-B441-17A2FE8A1AA2}"
	ProjectSection(SolutionItems) = preProject
		global.json = global.json
	EndProjectSection
EndProject
Project("{8BB2217D-0F2D-49D1-97BC-3654ED321F3B}") = "LyniconANC.Release", "src\LyniconANC.Release\LyniconANC.Release.xproj", "{90DF3AAF-ED83-44B6-8812-47F4438EE164}"
EndProject
Project("{FAE04EC0-301F-11D3-BF4B-00C04F79EFBC}") = "LyniconANC.Autotests", "LyniconANC.Autotests\LyniconANC.Autotests.csproj", "{36A1AF66-6E6E-4FEA-8718-6308A9E9C5E1}"
EndProject
Project("{FAE04EC0-301F-11D3-BF4B-00C04F79EFBC}") = "LyniconANC", "LyniconANC\LyniconANC.csproj", "{CF183DA7-8321-4FDD-AD06-81DDFD095ABE}"
EndProject
Project("{FAE04EC0-301F-11D3-BF4B-00C04F79EFBC}") = "LyniconANC.Tools", "LyniconANC.Tools\LyniconANC.Tools.csproj", "{5EC722AE-B052-4B7C-BE37-DBB427261752}"
EndProject
Global
	GlobalSection(SolutionConfigurationPlatforms) = preSolution
		Debug|Any CPU = Debug|Any CPU
		Release|Any CPU = Release|Any CPU
	EndGlobalSection
	GlobalSection(ProjectConfigurationPlatforms) = postSolution
		{90DF3AAF-ED83-44B6-8812-47F4438EE164}.Debug|Any CPU.ActiveCfg = Debug|Any CPU
		{90DF3AAF-ED83-44B6-8812-47F4438EE164}.Debug|Any CPU.Build.0 = Debug|Any CPU
		{90DF3AAF-ED83-44B6-8812-47F4438EE164}.Release|Any CPU.ActiveCfg = Release|Any CPU
		{90DF3AAF-ED83-44B6-8812-47F4438EE164}.Release|Any CPU.Build.0 = Release|Any CPU
		{36A1AF66-6E6E-4FEA-8718-6308A9E9C5E1}.Debug|Any CPU.ActiveCfg = Debug|Any CPU
		{36A1AF66-6E6E-4FEA-8718-6308A9E9C5E1}.Debug|Any CPU.Build.0 = Debug|Any CPU
		{36A1AF66-6E6E-4FEA-8718-6308A9E9C5E1}.Release|Any CPU.ActiveCfg = Release|Any CPU
		{36A1AF66-6E6E-4FEA-8718-6308A9E9C5E1}.Release|Any CPU.Build.0 = Release|Any CPU
		{CF183DA7-8321-4FDD-AD06-81DDFD095ABE}.Debug|Any CPU.ActiveCfg = Debug|Any CPU
		{CF183DA7-8321-4FDD-AD06-81DDFD095ABE}.Debug|Any CPU.Build.0 = Debug|Any CPU
		{CF183DA7-8321-4FDD-AD06-81DDFD095ABE}.Release|Any CPU.ActiveCfg = Release|Any CPU
		{CF183DA7-8321-4FDD-AD06-81DDFD095ABE}.Release|Any CPU.Build.0 = Release|Any CPU
		{5EC722AE-B052-4B7C-BE37-DBB427261752}.Debug|Any CPU.ActiveCfg = Debug|Any CPU
		{5EC722AE-B052-4B7C-BE37-DBB427261752}.Debug|Any CPU.Build.0 = Debug|Any CPU
		{5EC722AE-B052-4B7C-BE37-DBB427261752}.Release|Any CPU.ActiveCfg = Release|Any CPU
		{5EC722AE-B052-4B7C-BE37-DBB427261752}.Release|Any CPU.Build.0 = Release|Any CPU
	EndGlobalSection
	GlobalSection(SolutionProperties) = preSolution
		HideSolutionNode = FALSE
	EndGlobalSection
	GlobalSection(NestedProjects) = preSolution
		{90DF3AAF-ED83-44B6-8812-47F4438EE164} = {D8043722-7946-4F06-A56D-2B7E100DB7A6}
	EndGlobalSection
EndGlobal
